
Microsoft Visual Studio Solution File, Format Version 12.00
# Visual Studio Version 17
VisualStudioVersion = 17.9.34622.214
MinimumVisualStudioVersion = 10.0.40219.1
Project("{9A19103F-16F7-4668-BE54-9A1E7A4F7556}") = "ProjektMVCdotnet8", "ProjektMVCdotnet8\ProjektMVCdotnet8.csproj", "{AEA647B8-8EC9-49C9-BCBB-9278E5CFD2FE}"
EndProject
Global
	GlobalSection(SolutionConfigurationPlatforms) = preSolution
		Debug|Any CPU = Debug|Any CPU
		Release|Any CPU = Release|Any CPU
	EndGlobalSection
	GlobalSection(ProjectConfigurationPlatforms) = postSolution
		{AEA647B8-8EC9-49C9-BCBB-9278E5CFD2FE}.Debug|Any CPU.ActiveCfg = Debug|Any CPU
		{AEA647B8-8EC9-49C9-BCBB-9278E5CFD2FE}.Debug|Any CPU.Build.0 = Debug|Any CPU
		{AEA647B8-8EC9-49C9-BCBB-9278E5CFD2FE}.Release|Any CPU.ActiveCfg = Release|Any CPU
		{AEA647B8-8EC9-49C9-BCBB-9278E5CFD2FE}.Release|Any CPU.Build.0 = Release|Any CPU
	EndGlobalSection
	GlobalSection(SolutionProperties) = preSolution
		HideSolutionNode = FALSE
	EndGlobalSection
	GlobalSection(ExtensibilityGlobals) = postSolution
		SolutionGuid = {8BA21227-127F-4A90-85E9-3D8D083365B7}
	EndGlobalSection
EndGlobal
